<?xml version="1.0" encoding="utf-8"?>
<Project ToolsVersion="17.0" xmlns="http://schemas.microsoft.com/developer/msbuild/2003">
  <ItemGroup>
    <None Include="..\..\MyProject.uproject" />
    <Filter Include="Source">
      <UniqueIdentifier>{F31BBDD1-B3E8-3BCC-9652-680E16935819}</UniqueIdentifier>
    </Filter>
    <None Include="..\..\Source\MyProject.Target.cs">
      <Filter>Source</Filter>
    </None>
    <None Include="..\..\Source\MyProjectEditor.Target.cs">
      <Filter>Source</Filter>
    </None>
    <None Include="..\..\.gitignore" />
    <None Include="..\..\.ignore" />
    <None Include="..\..\.vsconfig" />
    <None Include="..\..\Makefile" />
    <None Include="..\..\MyProject.code-workspace" />
    <Filter Include="Config">
      <UniqueIdentifier>{FA535FFB-25E1-3D20-B416-52F9BE21E06E}</UniqueIdentifier>
    </Filter>
    <None Include="..\..\Config\DefaultEditor.ini">
      <Filter>Config</Filter>
    </None>
    <None Include="..\..\Config\DefaultEditorPerProjectUserSettings.ini">
      <Filter>Config</Filter>
    </None>
    <None Include="..\..\Config\DefaultEditorSettings.ini">
      <Filter>Config</Filter>
    </None>
    <None Include="..\..\Config\DefaultEngine.ini">
      <Filter>Config</Filter>
    </None>
    <None Include="..\..\Config\DefaultGame.ini">
      <Filter>Config</Filter>
    </None>
    <None Include="..\..\Config\DefaultInput.ini">
      <Filter>Config</Filter>
    </None>
    <Filter Include="Source\MyProject">
      <UniqueIdentifier>{E24959B1-EBAF-399D-9D3A-65ADD2D94AF5}</UniqueIdentifier>
    </Filter>
    <ClCompile Include="..\..\Source\MyProject\BaseBarrel.cpp">
      <Filter>Source\MyProject</Filter>
    </ClCompile>
    <ClInclude Include="..\..\Source\MyProject\BaseBarrel.h">
      <Filter>Source\MyProject</Filter>
    </ClInclude>
    <ClCompile Include="..\..\Source\MyProject\BaseCharacter.cpp">
      <Filter>Source\MyProject</Filter>
    </ClCompile>
    <ClInclude Include="..\..\Source\MyProject\BaseCharacter.h">
      <Filter>Source\MyProject</Filter>
    </ClInclude>
    <ClCompile Include="..\..\Source\MyProject\BaseEnemy.cpp">
      <Filter>Source\MyProject</Filter>
    </ClCompile>
    <ClInclude Include="..\..\Source\MyProject\BaseEnemy.h">
      <Filter>Source\MyProject</Filter>
    </ClInclude>
    <ClCompile Include="..\..\Source\MyProject\BaseModifier.cpp">
      <Filter>Source\MyProject</Filter>
    </ClCompile>
    <ClInclude Include="..\..\Source\MyProject\BaseModifier.h">
      <Filter>Source\MyProject</Filter>
    </ClInclude>
    <ClCompile Include="..\..\Source\MyProject\BTService_CheckIfStunned.cpp">
      <Filter>Source\MyProject</Filter>
    </ClCompile>
    <ClInclude Include="..\..\Source\MyProject\BTService_CheckIfStunned.h">
      <Filter>Source\MyProject</Filter>
    </ClInclude>
    <ClCompile Include="..\..\Source\MyProject\BTService_HasLineOfSight.cpp">
      <Filter>Source\MyProject</Filter>
    </ClCompile>
    <ClInclude Include="..\..\Source\MyProject\BTService_HasLineOfSight.h">
      <Filter>Source\MyProject</Filter>
    </ClInclude>
    <ClCompile Include="..\..\Source\MyProject\BTService_IsAttackAvailable.cpp">
      <Filter>Source\MyProject</Filter>
    </ClCompile>
    <ClInclude Include="..\..\Source\MyProject\BTService_IsAttackAvailable.h">
      <Filter>Source\MyProject</Filter>
    </ClInclude>
    <ClCompile Include="..\..\Source\MyProject\BTService_IsStunned.cpp">
      <Filter>Source\MyProject</Filter>
    </ClCompile>
    <ClInclude Include="..\..\Source\MyProject\BTService_IsStunned.h">
      <Filter>Source\MyProject</Filter>
    </ClInclude>
    <ClCompile Include="..\..\Source\MyProject\BTService_PlayerClose.cpp">
      <Filter>Source\MyProject</Filter>
    </ClCompile>
    <ClInclude Include="..\..\Source\MyProject\BTService_PlayerClose.h">
      <Filter>Source\MyProject</Filter>
    </ClInclude>
    <ClCompile Include="..\..\Source\MyProject\BTService_PlayerLocation.cpp">
      <Filter>Source\MyProject</Filter>
    </ClCompile>
    <ClInclude Include="..\..\Source\MyProject\BTService_PlayerLocation.h">
      <Filter>Source\MyProject</Filter>
    </ClInclude>
    <ClCompile Include="..\..\Source\MyProject\BTTask_DoAttack.cpp">
      <Filter>Source\MyProject</Filter>
    </ClCompile>
    <ClInclude Include="..\..\Source\MyProject\BTTask_DoAttack.h">
      <Filter>Source\MyProject</Filter>
    </ClInclude>
    <ClCompile Include="..\..\Source\MyProject\ChronoLockModifier.cpp">
      <Filter>Source\MyProject</Filter>
    </ClCompile>
    <ClInclude Include="..\..\Source\MyProject\ChronoLockModifier.h">
      <Filter>Source\MyProject</Filter>
    </ClInclude>
    <ClCompile Include="..\..\Source\MyProject\DashModifier.cpp">
      <Filter>Source\MyProject</Filter>
    </ClCompile>
    <ClInclude Include="..\..\Source\MyProject\DashModifier.h">
      <Filter>Source\MyProject</Filter>
    </ClInclude>
    <ClCompile Include="..\..\Source\MyProject\DefaultGamemode.cpp">
      <Filter>Source\MyProject</Filter>
    </ClCompile>
    <ClInclude Include="..\..\Source\MyProject\DefaultGamemode.h">
      <Filter>Source\MyProject</Filter>
    </ClInclude>
    <ClCompile Include="..\..\Source\MyProject\DoubleJumpModifier.cpp">
      <Filter>Source\MyProject</Filter>
    </ClCompile>
    <ClInclude Include="..\..\Source\MyProject\DoubleJumpModifier.h">
      <Filter>Source\MyProject</Filter>
    </ClInclude>
    <ClCompile Include="..\..\Source\MyProject\EnemyAIController.cpp">
      <Filter>Source\MyProject</Filter>
    </ClCompile>
    <ClInclude Include="..\..\Source\MyProject\EnemyAIController.h">
      <Filter>Source\MyProject</Filter>
    </ClInclude>
    <ClCompile Include="..\..\Source\MyProject\EnemySpawner.cpp">
      <Filter>Source\MyProject</Filter>
    </ClCompile>
    <ClInclude Include="..\..\Source\MyProject\EnemySpawner.h">
      <Filter>Source\MyProject</Filter>
    </ClInclude>
    <ClCompile Include="..\..\Source\MyProject\Enemy_Spawner.cpp">
      <Filter>Source\MyProject</Filter>
    </ClCompile>
    <ClInclude Include="..\..\Source\MyProject\Enemy_Spawner.h">
      <Filter>Source\MyProject</Filter>
    </ClInclude>
    <ClCompile Include="..\..\Source\MyProject\ExplosiveEnemy.cpp">
      <Filter>Source\MyProject</Filter>
    </ClCompile>
    <ClInclude Include="..\..\Source\MyProject\ExplosiveEnemy.h">
      <Filter>Source\MyProject</Filter>
    </ClInclude>
    <ClCompile Include="..\..\Source\MyProject\GunBase.cpp">
      <Filter>Source\MyProject</Filter>
    </ClCompile>
    <ClInclude Include="..\..\Source\MyProject\GunBase.h">
      <Filter>Source\MyProject</Filter>
    </ClInclude>
    <ClCompile Include="..\..\Source\MyProject\HealthComp.cpp">
      <Filter>Source\MyProject</Filter>
    </ClCompile>
    <ClInclude Include="..\..\Source\MyProject\HealthComp.h">
      <Filter>Source\MyProject</Filter>
    </ClInclude>
    <ClCompile Include="..\..\Source\MyProject\MeleeEnemy.cpp">
      <Filter>Source\MyProject</Filter>
    </ClCompile>
    <ClInclude Include="..\..\Source\MyProject\MeleeEnemy.h">
      <Filter>Source\MyProject</Filter>
    </ClInclude>
    <ClCompile Include="..\..\Source\MyProject\ModifierComponent.cpp">
      <Filter>Source\MyProject</Filter>
    </ClCompile>
    <ClInclude Include="..\..\Source\MyProject\ModifierComponent.h">
      <Filter>Source\MyProject</Filter>
    </ClInclude>
    <None Include="..\..\Source\MyProject\MyProject.Build.cs">
      <Filter>Source\MyProject</Filter>
    </None>
    <ClCompile Include="..\..\Source\MyProject\MyProject.cpp">
      <Filter>Source\MyProject</Filter>
    </ClCompile>
    <ClInclude Include="..\..\Source\MyProject\MyProject.h">
      <Filter>Source\MyProject</Filter>
    </ClInclude>
    <ClCompile Include="..\..\Source\MyProject\MyProjectCharacter.cpp">
      <Filter>Source\MyProject</Filter>
    </ClCompile>
    <ClInclude Include="..\..\Source\MyProject\MyProjectCharacter.h">
      <Filter>Source\MyProject</Filter>
    </ClInclude>
    <ClCompile Include="..\..\Source\MyProject\MyProjectGameMode.cpp">
      <Filter>Source\MyProject</Filter>
    </ClCompile>
    <ClInclude Include="..\..\Source\MyProject\MyProjectGameMode.h">
      <Filter>Source\MyProject</Filter>
    </ClInclude>
    <ClCompile Include="..\..\Source\MyProject\MyProjectPlayerController.cpp">
      <Filter>Source\MyProject</Filter>
    </ClCompile>
    <ClInclude Include="..\..\Source\MyProject\MyProjectPlayerController.h">
      <Filter>Source\MyProject</Filter>
    </ClInclude>
    <ClCompile Include="..\..\Source\MyProject\MyProjectProjectile.cpp">
      <Filter>Source\MyProject</Filter>
    </ClCompile>
    <ClInclude Include="..\..\Source\MyProject\MyProjectProjectile.h">
      <Filter>Source\MyProject</Filter>
    </ClInclude>
    <ClCompile Include="..\..\Source\MyProject\PlayerCharacter.cpp">
      <Filter>Source\MyProject</Filter>
    </ClCompile>
    <ClInclude Include="..\..\Source\MyProject\PlayerCharacter.h">
      <Filter>Source\MyProject</Filter>
    </ClInclude>
    <ClCompile Include="..\..\Source\MyProject\RangedEnemyProjectile.cpp">
      <Filter>Source\MyProject</Filter>
    </ClCompile>
    <ClInclude Include="..\..\Source\MyProject\RangedEnemyProjectile.h">
      <Filter>Source\MyProject</Filter>
    </ClInclude>
    <ClCompile Include="..\..\Source\MyProject\RangeEnemy.cpp">
      <Filter>Source\MyProject</Filter>
    </ClCompile>
    <ClInclude Include="..\..\Source\MyProject\RangeEnemy.h">
      <Filter>Source\MyProject</Filter>
    </ClInclude>
    <ClCompile Include="..\..\Source\MyProject\SpawnerGate.cpp">
      <Filter>Source\MyProject</Filter>
    </ClCompile>
    <ClInclude Include="..\..\Source\MyProject\SpawnerGate.h">
      <Filter>Source\MyProject</Filter>
    </ClInclude>
    <ClCompile Include="..\..\Source\MyProject\SpeedModifier.cpp">
      <Filter>Source\MyProject</Filter>
    </ClCompile>
    <ClInclude Include="..\..\Source\MyProject\SpeedModifier.h">
      <Filter>Source\MyProject</Filter>
    </ClInclude>
    <ClCompile Include="..\..\Source\MyProject\TP_PickUpComponent.cpp">
      <Filter>Source\MyProject</Filter>
    </ClCompile>
    <ClInclude Include="..\..\Source\MyProject\TP_PickUpComponent.h">
      <Filter>Source\MyProject</Filter>
    </ClInclude>
    <ClCompile Include="..\..\Source\MyProject\TP_WeaponComponent.cpp">
      <Filter>Source\MyProject</Filter>
    </ClCompile>
    <ClInclude Include="..\..\Source\MyProject\TP_WeaponComponent.h">
      <Filter>Source\MyProject</Filter>
    </ClInclude>
    <ClCompile Include="..\..\Source\MyProject\WaterBarrel.cpp">
      <Filter>Source\MyProject</Filter>
    </ClCompile>
    <ClInclude Include="..\..\Source\MyProject\WaterBarrel.h">
      <Filter>Source\MyProject</Filter>
    </ClInclude>
  </ItemGroup>
</Project>
